
Microsoft Visual Studio Solution File, Format Version 12.00
Project("{FAE04EC0-301F-11D3-BF4B-00C04F79EFBC}") = "Server", "Server\Server.csproj", "{8539F593-1A81-4D18-A421-12222DB11E59}"
EndProject
Project("{FAE04EC0-301F-11D3-BF4B-00C04F79EFBC}") = "Client", "Client\Client.csproj", "{6DFC9480-B2CB-433D-84D8-3267E3168CBB}"
EndProject
Project("{2150E333-8FDC-42A3-9474-1A3956D46DE8}") = "Validation Servers", "Validation Servers", "{252DF05A-FD6B-4FBA-81CA-1E65F18180FC}"
EndProject
Project("{FAE04EC0-301F-11D3-BF4B-00C04F79EFBC}") = "FullnameValidator", "FullnameValidator\FullnameValidator.csproj", "{2C7F6B88-16DB-44B4-B406-0DCB5E7C88DF}"
EndProject
Project("{FAE04EC0-301F-11D3-BF4B-00C04F79EFBC}") = "PhoneNumbersValidator", "PhoneNumbersValidator\PhoneNumbersValidator.csproj", "{B3FB5011-3BC9-4483-906B-1839AD172DEA}"
EndProject
Project("{FAE04EC0-301F-11D3-BF4B-00C04F79EFBC}") = "EmailsValidator", "EmailsValidator\EmailsValidator.csproj", "{F3CC2995-4AF5-4215-B64D-2AE3F90A2E0B}"
EndProject
Project("{FAE04EC0-301F-11D3-BF4B-00C04F79EFBC}") = "AddressesValidator", "AddressesValidator\AddressesValidator.csproj", "{8C551144-3847-413A-AD59-5D5867C42F2B}"
EndProject
Project("{FAE04EC0-301F-11D3-BF4B-00C04F79EFBC}") = "PassportValidator", "PassportValidator\PassportValidator.csproj", "{F1CE0286-AA29-48E5-8E5E-22B57C2E2A41}"
EndProject
Project("{FAE04EC0-301F-11D3-BF4B-00C04F79EFBC}") = "BirthDateValidator", "BirthDateValidator\BirthDateValidator.csproj", "{9FB3D5E4-1D45-41D5-AC28-0DAE915AD9F2}"
EndProject
Project("{FAE04EC0-301F-11D3-BF4B-00C04F79EFBC}") = "ClientGUI", "ClientGUI\ClientGUI.csproj", "{70FD069F-44D7-4665-B3E9-39393C50FB39}"
EndProject
Project("{FAE04EC0-301F-11D3-BF4B-00C04F79EFBC}") = "ClientGUI.MVVM.Core", "ClientGUI.MVVM.Core\ClientGUI.MVVM.Core.csproj", "{F20D2D7D-B8F7-4F4A-BE13-13FA98B1C7D6}"
EndProject
Project("{FAE04EC0-301F-11D3-BF4B-00C04F79EFBC}") = "ClientGRPC", "ClientGRPC\ClientGRPC.csproj", "{0F0A87DC-1D97-4A57-9FC1-016CD55A0D8E}"
EndProject
Project("{FAE04EC0-301F-11D3-BF4B-00C04F79EFBC}") = "StructsWPF", "StructsWPF\StructsWPF.csproj", "{49B31E89-731A-4C2D-AC89-C9BFEA256E8D}"
EndProject
Global
	GlobalSection(SolutionConfigurationPlatforms) = preSolution
		Debug|Any CPU = Debug|Any CPU
		Release|Any CPU = Release|Any CPU
	EndGlobalSection
	GlobalSection(ProjectConfigurationPlatforms) = postSolution
		{8539F593-1A81-4D18-A421-12222DB11E59}.Debug|Any CPU.ActiveCfg = Debug|Any CPU
		{8539F593-1A81-4D18-A421-12222DB11E59}.Debug|Any CPU.Build.0 = Debug|Any CPU
		{8539F593-1A81-4D18-A421-12222DB11E59}.Release|Any CPU.ActiveCfg = Release|Any CPU
		{8539F593-1A81-4D18-A421-12222DB11E59}.Release|Any CPU.Build.0 = Release|Any CPU
		{6DFC9480-B2CB-433D-84D8-3267E3168CBB}.Debug|Any CPU.ActiveCfg = Debug|Any CPU
		{6DFC9480-B2CB-433D-84D8-3267E3168CBB}.Debug|Any CPU.Build.0 = Debug|Any CPU
		{6DFC9480-B2CB-433D-84D8-3267E3168CBB}.Release|Any CPU.ActiveCfg = Release|Any CPU
		{6DFC9480-B2CB-433D-84D8-3267E3168CBB}.Release|Any CPU.Build.0 = Release|Any CPU
		{2C7F6B88-16DB-44B4-B406-0DCB5E7C88DF}.Debug|Any CPU.ActiveCfg = Debug|Any CPU
		{2C7F6B88-16DB-44B4-B406-0DCB5E7C88DF}.Debug|Any CPU.Build.0 = Debug|Any CPU
		{2C7F6B88-16DB-44B4-B406-0DCB5E7C88DF}.Release|Any CPU.ActiveCfg = Release|Any CPU
		{2C7F6B88-16DB-44B4-B406-0DCB5E7C88DF}.Release|Any CPU.Build.0 = Release|Any CPU
		{B3FB5011-3BC9-4483-906B-1839AD172DEA}.Debug|Any CPU.ActiveCfg = Debug|Any CPU
		{B3FB5011-3BC9-4483-906B-1839AD172DEA}.Debug|Any CPU.Build.0 = Debug|Any CPU
		{B3FB5011-3BC9-4483-906B-1839AD172DEA}.Release|Any CPU.ActiveCfg = Release|Any CPU
		{B3FB5011-3BC9-4483-906B-1839AD172DEA}.Release|Any CPU.Build.0 = Release|Any CPU
		{F3CC2995-4AF5-4215-B64D-2AE3F90A2E0B}.Debug|Any CPU.ActiveCfg = Debug|Any CPU
		{F3CC2995-4AF5-4215-B64D-2AE3F90A2E0B}.Debug|Any CPU.Build.0 = Debug|Any CPU
		{F3CC2995-4AF5-4215-B64D-2AE3F90A2E0B}.Release|Any CPU.ActiveCfg = Release|Any CPU
		{F3CC2995-4AF5-4215-B64D-2AE3F90A2E0B}.Release|Any CPU.Build.0 = Release|Any CPU
		{8C551144-3847-413A-AD59-5D5867C42F2B}.Debug|Any CPU.ActiveCfg = Debug|Any CPU
		{8C551144-3847-413A-AD59-5D5867C42F2B}.Debug|Any CPU.Build.0 = Debug|Any CPU
		{8C551144-3847-413A-AD59-5D5867C42F2B}.Release|Any CPU.ActiveCfg = Release|Any CPU
		{8C551144-3847-413A-AD59-5D5867C42F2B}.Release|Any CPU.Build.0 = Release|Any CPU
		{F1CE0286-AA29-48E5-8E5E-22B57C2E2A41}.Debug|Any CPU.ActiveCfg = Debug|Any CPU
		{F1CE0286-AA29-48E5-8E5E-22B57C2E2A41}.Debug|Any CPU.Build.0 = Debug|Any CPU
		{F1CE0286-AA29-48E5-8E5E-22B57C2E2A41}.Release|Any CPU.ActiveCfg = Release|Any CPU
		{F1CE0286-AA29-48E5-8E5E-22B57C2E2A41}.Release|Any CPU.Build.0 = Release|Any CPU
		{9FB3D5E4-1D45-41D5-AC28-0DAE915AD9F2}.Debug|Any CPU.ActiveCfg = Debug|Any CPU
		{9FB3D5E4-1D45-41D5-AC28-0DAE915AD9F2}.Debug|Any CPU.Build.0 = Debug|Any CPU
		{9FB3D5E4-1D45-41D5-AC28-0DAE915AD9F2}.Release|Any CPU.ActiveCfg = Release|Any CPU
		{9FB3D5E4-1D45-41D5-AC28-0DAE915AD9F2}.Release|Any CPU.Build.0 = Release|Any CPU
		{70FD069F-44D7-4665-B3E9-39393C50FB39}.Debug|Any CPU.ActiveCfg = Debug|Any CPU
		{70FD069F-44D7-4665-B3E9-39393C50FB39}.Debug|Any CPU.Build.0 = Debug|Any CPU
		{70FD069F-44D7-4665-B3E9-39393C50FB39}.Release|Any CPU.ActiveCfg = Release|Any CPU
		{70FD069F-44D7-4665-B3E9-39393C50FB39}.Release|Any CPU.Build.0 = Release|Any CPU
		{F20D2D7D-B8F7-4F4A-BE13-13FA98B1C7D6}.Debug|Any CPU.ActiveCfg = Debug|Any CPU
		{F20D2D7D-B8F7-4F4A-BE13-13FA98B1C7D6}.Debug|Any CPU.Build.0 = Debug|Any CPU
		{F20D2D7D-B8F7-4F4A-BE13-13FA98B1C7D6}.Release|Any CPU.ActiveCfg = Release|Any CPU
		{F20D2D7D-B8F7-4F4A-BE13-13FA98B1C7D6}.Release|Any CPU.Build.0 = Release|Any CPU
		{0F0A87DC-1D97-4A57-9FC1-016CD55A0D8E}.Debug|Any CPU.ActiveCfg = Debug|Any CPU
		{0F0A87DC-1D97-4A57-9FC1-016CD55A0D8E}.Debug|Any CPU.Build.0 = Debug|Any CPU
		{0F0A87DC-1D97-4A57-9FC1-016CD55A0D8E}.Release|Any CPU.ActiveCfg = Release|Any CPU
		{0F0A87DC-1D97-4A57-9FC1-016CD55A0D8E}.Release|Any CPU.Build.0 = Release|Any CPU
		{49B31E89-731A-4C2D-AC89-C9BFEA256E8D}.Debug|Any CPU.ActiveCfg = Debug|Any CPU
		{49B31E89-731A-4C2D-AC89-C9BFEA256E8D}.Debug|Any CPU.Build.0 = Debug|Any CPU
		{49B31E89-731A-4C2D-AC89-C9BFEA256E8D}.Release|Any CPU.ActiveCfg = Release|Any CPU
		{49B31E89-731A-4C2D-AC89-C9BFEA256E8D}.Release|Any CPU.Build.0 = Release|Any CPU
	EndGlobalSection
	GlobalSection(NestedProjects) = preSolution
		{2C7F6B88-16DB-44B4-B406-0DCB5E7C88DF} = {252DF05A-FD6B-4FBA-81CA-1E65F18180FC}
		{B3FB5011-3BC9-4483-906B-1839AD172DEA} = {252DF05A-FD6B-4FBA-81CA-1E65F18180FC}
		{F3CC2995-4AF5-4215-B64D-2AE3F90A2E0B} = {252DF05A-FD6B-4FBA-81CA-1E65F18180FC}
		{8C551144-3847-413A-AD59-5D5867C42F2B} = {252DF05A-FD6B-4FBA-81CA-1E65F18180FC}
		{F1CE0286-AA29-48E5-8E5E-22B57C2E2A41} = {252DF05A-FD6B-4FBA-81CA-1E65F18180FC}
		{9FB3D5E4-1D45-41D5-AC28-0DAE915AD9F2} = {252DF05A-FD6B-4FBA-81CA-1E65F18180FC}
	EndGlobalSection
EndGlobal
